
Microsoft Visual Studio Solution File, Format Version 12.00
# Visual Studio Version 17
VisualStudioVersion = 17.11.35431.28
MinimumVisualStudioVersion = 10.0.40219.1
Project("{FAE04EC0-301F-11D3-BF4B-00C04F79EFBC}") = "GrpcServerAPI", "GrpcServerAPI\GrpcServerAPI.csproj", "{A239287D-3D58-42DB-A114-ED361FB9B690}"
EndProject
Project("{FAE04EC0-301F-11D3-BF4B-00C04F79EFBC}") = "GrpcServerBase", "GrpcServerBase\GrpcServerBase.csproj", "{9CF6E528-2EB6-4912-BCFB-AC209E484998}"
EndProject
Project("{FAE04EC0-301F-11D3-BF4B-00C04F79EFBC}") = "GrpcClientAPI", "GrpcClientAPI\GrpcClientAPI.csproj", "{FDC4F4E3-AB65-40ED-BCE1-2D6503169A00}"
EndProject
Global
	GlobalSection(SolutionConfigurationPlatforms) = preSolution
		Debug|Any CPU = Debug|Any CPU
		Release|Any CPU = Release|Any CPU
	EndGlobalSection
	GlobalSection(ProjectConfigurationPlatforms) = postSolution
		{A239287D-3D58-42DB-A114-ED361FB9B690}.Debug|Any CPU.ActiveCfg = Debug|Any CPU
		{A239287D-3D58-42DB-A114-ED361FB9B690}.Debug|Any CPU.Build.0 = Debug|Any CPU
		{A239287D-3D58-42DB-A114-ED361FB9B690}.Release|Any CPU.ActiveCfg = Release|Any CPU
		{A239287D-3D58-42DB-A114-ED361FB9B690}.Release|Any CPU.Build.0 = Release|Any CPU
		{9CF6E528-2EB6-4912-BCFB-AC209E484998}.Debug|Any CPU.ActiveCfg = Debug|Any CPU
		{9CF6E528-2EB6-4912-BCFB-AC209E484998}.Debug|Any CPU.Build.0 = Debug|Any CPU
		{9CF6E528-2EB6-4912-BCFB-AC209E484998}.Release|Any CPU.ActiveCfg = Release|Any CPU
		{9CF6E528-2EB6-4912-BCFB-AC209E484998}.Release|Any CPU.Build.0 = Release|Any CPU
		{FDC4F4E3-AB65-40ED-BCE1-2D6503169A00}.Debug|Any CPU.ActiveCfg = Debug|Any CPU
		{FDC4F4E3-AB65-40ED-BCE1-2D6503169A00}.Debug|Any CPU.Build.0 = Debug|Any CPU
		{FDC4F4E3-AB65-40ED-BCE1-2D6503169A00}.Release|Any CPU.ActiveCfg = Release|Any CPU
		{FDC4F4E3-AB65-40ED-BCE1-2D6503169A00}.Release|Any CPU.Build.0 = Release|Any CPU
	EndGlobalSection
	GlobalSection(SolutionProperties) = preSolution
		HideSolutionNode = FALSE
	EndGlobalSection
	GlobalSection(ExtensibilityGlobals) = postSolution
		SolutionGuid = {1B81EA60-AF2D-4599-9A70-A724BD9A0981}
	EndGlobalSection
EndGlobal
